// !$*UTF8*$!
{
	archiveVersion = 1;
	classes = {
	};
	objectVersion = 50;
	objects = {

/* Begin PBXBuildFile section */
		46AC596D20E07E5600F3C62D /* GroupIndexTableViewCell.swift in Sources */ = {isa = PBXBuildFile; fileRef = 46AC596B20E07E5600F3C62D /* GroupIndexTableViewCell.swift */; };
		46AC596E20E07E5600F3C62D /* GroupIndexTableViewCell.xib in Resources */ = {isa = PBXBuildFile; fileRef = 46AC596C20E07E5600F3C62D /* GroupIndexTableViewCell.xib */; };
		54011FB2217D352600466107 /* UserAuthorizationJson.swift in Sources */ = {isa = PBXBuildFile; fileRef = 54011FB1217D352600466107 /* UserAuthorizationJson.swift */; };
		540CDD3C2194F363007D9A1F /* PostGroupUserRelationService.swift in Sources */ = {isa = PBXBuildFile; fileRef = 540CDD3B2194F363007D9A1F /* PostGroupUserRelationService.swift */; };
		540CDD3E2194F3E3007D9A1F /* PostGroupUserRelationJson.swift in Sources */ = {isa = PBXBuildFile; fileRef = 540CDD3D2194F3E3007D9A1F /* PostGroupUserRelationJson.swift */; };
		541F82022198E50500B0024A /* AccountViewController.swift in Sources */ = {isa = PBXBuildFile; fileRef = 541F82012198E50500B0024A /* AccountViewController.swift */; };
		541F82042198E5C300B0024A /* FetchCurrentUserService.swift in Sources */ = {isa = PBXBuildFile; fileRef = 541F82032198E5C300B0024A /* FetchCurrentUserService.swift */; };
		541F82062198E64A00B0024A /* AccountJson.swift in Sources */ = {isa = PBXBuildFile; fileRef = 541F82052198E64A00B0024A /* AccountJson.swift */; };
		541F82072198E78D00B0024A /* FetchCurrentUserService.swift in Sources */ = {isa = PBXBuildFile; fileRef = 541F82032198E5C300B0024A /* FetchCurrentUserService.swift */; };
		5434CE6F218FA810000BF896 /* DailyReportViewController.swift in Sources */ = {isa = PBXBuildFile; fileRef = 5434CE6E218FA810000BF896 /* DailyReportViewController.swift */; };
		5434CE71218FAD91000BF896 /* PostGroupUserRelationController.swift in Sources */ = {isa = PBXBuildFile; fileRef = 5434CE70218FAD91000BF896 /* PostGroupUserRelationController.swift */; };
		543C295E21B0A24600837C0E /* SignInViewController.swift in Sources */ = {isa = PBXBuildFile; fileRef = 543C295D21B0A24600837C0E /* SignInViewController.swift */; };
		543C296021B0A31200837C0E /* SignInService.swift in Sources */ = {isa = PBXBuildFile; fileRef = 543C295F21B0A31200837C0E /* SignInService.swift */; };
		543C296221B0A41200837C0E /* SignInJson.swift in Sources */ = {isa = PBXBuildFile; fileRef = 543C296121B0A41200837C0E /* SignInJson.swift */; };
		543C88572145E28B0097D693 /* SignUpService.swift in Sources */ = {isa = PBXBuildFile; fileRef = 543C88562145E28B0097D693 /* SignUpService.swift */; };
		543C88592145E2CB0097D693 /* SignUpJson.swift in Sources */ = {isa = PBXBuildFile; fileRef = 543C88582145E2CB0097D693 /* SignUpJson.swift */; };
		546EE38A20D7189B00B6D46C /* AppDelegate.swift in Sources */ = {isa = PBXBuildFile; fileRef = 546EE38920D7189B00B6D46C /* AppDelegate.swift */; };
		546EE38C20D7189B00B6D46C /* SignUpViewController.swift in Sources */ = {isa = PBXBuildFile; fileRef = 546EE38B20D7189B00B6D46C /* SignUpViewController.swift */; };
		546EE38F20D7189B00B6D46C /* Main.storyboard in Resources */ = {isa = PBXBuildFile; fileRef = 546EE38D20D7189B00B6D46C /* Main.storyboard */; };
		546EE39420D7189D00B6D46C /* Assets.xcassets in Resources */ = {isa = PBXBuildFile; fileRef = 546EE39320D7189D00B6D46C /* Assets.xcassets */; };
		546EE39720D7189D00B6D46C /* LaunchScreen.storyboard in Resources */ = {isa = PBXBuildFile; fileRef = 546EE39520D7189D00B6D46C /* LaunchScreen.storyboard */; };
		546EE3A220D7189D00B6D46C /* nippohub_iosTests.swift in Sources */ = {isa = PBXBuildFile; fileRef = 546EE3A120D7189D00B6D46C /* nippohub_iosTests.swift */; };
		546EE3AD20D7189D00B6D46C /* nippohub_iosUITests.swift in Sources */ = {isa = PBXBuildFile; fileRef = 546EE3AC20D7189D00B6D46C /* nippohub_iosUITests.swift */; };
		54700C9420FC11D60048C029 /* DailyReport.swift in Sources */ = {isa = PBXBuildFile; fileRef = 54700C9320FC11D60048C029 /* DailyReport.swift */; };
		54700C9620FC12990048C029 /* User.swift in Sources */ = {isa = PBXBuildFile; fileRef = 54700C9520FC12990048C029 /* User.swift */; };
		54700C9820FC13A50048C029 /* DailyReportIndexTableViewCell.xib in Resources */ = {isa = PBXBuildFile; fileRef = 54700C9720FC13A50048C029 /* DailyReportIndexTableViewCell.xib */; };
		54700C9A20FC16970048C029 /* DailyReportIndexTableViewCell.swift in Sources */ = {isa = PBXBuildFile; fileRef = 54700C9920FC16970048C029 /* DailyReportIndexTableViewCell.swift */; };
		54700C9D20FC18DA0048C029 /* DailyReportsViewController.swift in Sources */ = {isa = PBXBuildFile; fileRef = 54700C9C20FC18DA0048C029 /* DailyReportsViewController.swift */; };
		5481680221D0F8850035AAB3 /* GroupUserRelationIndexTableViewCell.swift in Sources */ = {isa = PBXBuildFile; fileRef = 5481680121D0F8850035AAB3 /* GroupUserRelationIndexTableViewCell.swift */; };
		5481680421D0F8D30035AAB3 /* GroupUserRelationIndexViewCell.xib in Resources */ = {isa = PBXBuildFile; fileRef = 5481680321D0F8D30035AAB3 /* GroupUserRelationIndexViewCell.xib */; };
		5481680621D0FA210035AAB3 /* GroupUserRelationIndexViewController.swift in Sources */ = {isa = PBXBuildFile; fileRef = 5481680521D0FA210035AAB3 /* GroupUserRelationIndexViewController.swift */; };
		5481680821D0FBE50035AAB3 /* FetchGroupUserRelationsService.swift in Sources */ = {isa = PBXBuildFile; fileRef = 5481680721D0FBE50035AAB3 /* FetchGroupUserRelationsService.swift */; };
		5481680A21D0FC270035AAB3 /* GroupUserRelationsJson.swift in Sources */ = {isa = PBXBuildFile; fileRef = 5481680921D0FC270035AAB3 /* GroupUserRelationsJson.swift */; };
		5482C96921B49725004DAC41 /* Account.swift in Sources */ = {isa = PBXBuildFile; fileRef = 5482C96821B49725004DAC41 /* Account.swift */; };
		548F439A213C9CDF009B8783 /* PostDailyReportService.swift in Sources */ = {isa = PBXBuildFile; fileRef = 548F4399213C9CDF009B8783 /* PostDailyReportService.swift */; };
		548F439C213C9D97009B8783 /* PostDailyReportJson.swift in Sources */ = {isa = PBXBuildFile; fileRef = 548F439B213C9D97009B8783 /* PostDailyReportJson.swift */; };
		548F439E213C9F81009B8783 /* PostDailyReportViewController.swift in Sources */ = {isa = PBXBuildFile; fileRef = 548F439D213C9F81009B8783 /* PostDailyReportViewController.swift */; };
		54B13AF720E04B2C00083E6C /* Group.swift in Sources */ = {isa = PBXBuildFile; fileRef = 54B13AF620E04B2C00083E6C /* Group.swift */; };
		54B13AF920E053FC00083E6C /* GroupsViewController.swift in Sources */ = {isa = PBXBuildFile; fileRef = 54B13AF820E053FC00083E6C /* GroupsViewController.swift */; };
		54B3B2FA2117AB6500BA93AA /* FetchDailyReportsService.swift in Sources */ = {isa = PBXBuildFile; fileRef = 54B3B2F92117AB6500BA93AA /* FetchDailyReportsService.swift */; };
		54B3B2FD2117ADE700BA93AA /* DailyReportJson.swift in Sources */ = {isa = PBXBuildFile; fileRef = 54B3B2FC2117ADE700BA93AA /* DailyReportJson.swift */; };
		54B3B2FF2117AE6B00BA93AA /* DailyReportsJson.swift in Sources */ = {isa = PBXBuildFile; fileRef = 54B3B2FE2117AE6B00BA93AA /* DailyReportsJson.swift */; };
		54BCCD60210E6EFA00CAD335 /* FetchGroupsService.swift in Sources */ = {isa = PBXBuildFile; fileRef = 54BCCD5F210E6EFA00CAD335 /* FetchGroupsService.swift */; };
		54BCCD63210E73F400CAD335 /* UserJson.swift in Sources */ = {isa = PBXBuildFile; fileRef = 54BCCD62210E73F400CAD335 /* UserJson.swift */; };
		54BCCD65210E73FE00CAD335 /* GroupJson.swift in Sources */ = {isa = PBXBuildFile; fileRef = 54BCCD64210E73FE00CAD335 /* GroupJson.swift */; };
		54BCCD67210E74B800CAD335 /* GroupsJson.swift in Sources */ = {isa = PBXBuildFile; fileRef = 54BCCD66210E74B800CAD335 /* GroupsJson.swift */; };
		54D88A9B213365C500F7E104 /* PostGroupService.swift in Sources */ = {isa = PBXBuildFile; fileRef = 54D88A9A213365C500F7E104 /* PostGroupService.swift */; };
		54D88A9D2133667E00F7E104 /* PostGroupJson.swift in Sources */ = {isa = PBXBuildFile; fileRef = 54D88A9C2133667E00F7E104 /* PostGroupJson.swift */; };
		54D88A9F21336A5800F7E104 /* PostGroupViewController.swift in Sources */ = {isa = PBXBuildFile; fileRef = 54D88A9E21336A5800F7E104 /* PostGroupViewController.swift */; };
		54E3A1C02120E34300148AFD /* FetchGroupService.swift in Sources */ = {isa = PBXBuildFile; fileRef = 54E3A1BF2120E34300148AFD /* FetchGroupService.swift */; };
		54E3A1C22120E5C800148AFD /* FetchDailyReportService.swift in Sources */ = {isa = PBXBuildFile; fileRef = 54E3A1C12120E5C800148AFD /* FetchDailyReportService.swift */; };
		54EA3E9E21866D9A00C574A6 /* AuthenticationToken.swift in Sources */ = {isa = PBXBuildFile; fileRef = 54EA3E9D21866D9A00C574A6 /* AuthenticationToken.swift */; };
		54F61EE0214F032400FD92C2 /* APIClient.swift in Sources */ = {isa = PBXBuildFile; fileRef = 54F61EDF214F032400FD92C2 /* APIClient.swift */; };
		83ACC41E06C182008AB6E771 /* Pods_nippohub_ios.framework in Frameworks */ = {isa = PBXBuildFile; fileRef = 74044B35876B88966367E87F /* Pods_nippohub_ios.framework */; };
		C974360B3EB040558DE2B21B /* Pods_nippohub_iosTests.framework in Frameworks */ = {isa = PBXBuildFile; fileRef = 6CAAD307751638335E839129 /* Pods_nippohub_iosTests.framework */; };
		F3D428C8F2D03A020ABF580D /* Pods_nippohub_iosUITests.framework in Frameworks */ = {isa = PBXBuildFile; fileRef = 835C14CC25DE9645E3505FED /* Pods_nippohub_iosUITests.framework */; };
/* End PBXBuildFile section */

/* Begin PBXContainerItemProxy section */
		546EE39E20D7189D00B6D46C /* PBXContainerItemProxy */ = {
			isa = PBXContainerItemProxy;
			containerPortal = 546EE37E20D7189B00B6D46C /* Project object */;
			proxyType = 1;
			remoteGlobalIDString = 546EE38520D7189B00B6D46C;
			remoteInfo = nippohub_ios;
		};
		546EE3A920D7189D00B6D46C /* PBXContainerItemProxy */ = {
			isa = PBXContainerItemProxy;
			containerPortal = 546EE37E20D7189B00B6D46C /* Project object */;
			proxyType = 1;
			remoteGlobalIDString = 546EE38520D7189B00B6D46C;
			remoteInfo = nippohub_ios;
		};
/* End PBXContainerItemProxy section */

/* Begin PBXFileReference section */
		2909A811CC448BCC3ECFF76A /* Pods-nippohub_ios.debug.xcconfig */ = {isa = PBXFileReference; includeInIndex = 1; lastKnownFileType = text.xcconfig; name = "Pods-nippohub_ios.debug.xcconfig"; path = "Pods/Target Support Files/Pods-nippohub_ios/Pods-nippohub_ios.debug.xcconfig"; sourceTree = "<group>"; };
		46AC596B20E07E5600F3C62D /* GroupIndexTableViewCell.swift */ = {isa = PBXFileReference; lastKnownFileType = sourcecode.swift; path = GroupIndexTableViewCell.swift; sourceTree = "<group>"; };
		46AC596C20E07E5600F3C62D /* GroupIndexTableViewCell.xib */ = {isa = PBXFileReference; lastKnownFileType = file.xib; path = GroupIndexTableViewCell.xib; sourceTree = "<group>"; };
		54011FB1217D352600466107 /* UserAuthorizationJson.swift */ = {isa = PBXFileReference; lastKnownFileType = sourcecode.swift; path = UserAuthorizationJson.swift; sourceTree = "<group>"; };
		540CDD3B2194F363007D9A1F /* PostGroupUserRelationService.swift */ = {isa = PBXFileReference; lastKnownFileType = sourcecode.swift; path = PostGroupUserRelationService.swift; sourceTree = "<group>"; };
		540CDD3D2194F3E3007D9A1F /* PostGroupUserRelationJson.swift */ = {isa = PBXFileReference; lastKnownFileType = sourcecode.swift; path = PostGroupUserRelationJson.swift; sourceTree = "<group>"; };
		541F82012198E50500B0024A /* AccountViewController.swift */ = {isa = PBXFileReference; lastKnownFileType = sourcecode.swift; path = AccountViewController.swift; sourceTree = "<group>"; };
		541F82032198E5C300B0024A /* FetchCurrentUserService.swift */ = {isa = PBXFileReference; lastKnownFileType = sourcecode.swift; path = FetchCurrentUserService.swift; sourceTree = "<group>"; };
		541F82052198E64A00B0024A /* AccountJson.swift */ = {isa = PBXFileReference; lastKnownFileType = sourcecode.swift; path = AccountJson.swift; sourceTree = "<group>"; };
		5434CE6E218FA810000BF896 /* DailyReportViewController.swift */ = {isa = PBXFileReference; lastKnownFileType = sourcecode.swift; path = DailyReportViewController.swift; sourceTree = "<group>"; };
		5434CE70218FAD91000BF896 /* PostGroupUserRelationController.swift */ = {isa = PBXFileReference; lastKnownFileType = sourcecode.swift; path = PostGroupUserRelationController.swift; sourceTree = "<group>"; };
		543C295D21B0A24600837C0E /* SignInViewController.swift */ = {isa = PBXFileReference; lastKnownFileType = sourcecode.swift; path = SignInViewController.swift; sourceTree = "<group>"; };
		543C295F21B0A31200837C0E /* SignInService.swift */ = {isa = PBXFileReference; lastKnownFileType = sourcecode.swift; path = SignInService.swift; sourceTree = "<group>"; };
		543C296121B0A41200837C0E /* SignInJson.swift */ = {isa = PBXFileReference; lastKnownFileType = sourcecode.swift; path = SignInJson.swift; sourceTree = "<group>"; };
		543C88562145E28B0097D693 /* SignUpService.swift */ = {isa = PBXFileReference; lastKnownFileType = sourcecode.swift; path = SignUpService.swift; sourceTree = "<group>"; };
		543C88582145E2CB0097D693 /* SignUpJson.swift */ = {isa = PBXFileReference; lastKnownFileType = sourcecode.swift; path = SignUpJson.swift; sourceTree = "<group>"; };
		546EE38620D7189B00B6D46C /* nippohub_ios.app */ = {isa = PBXFileReference; explicitFileType = wrapper.application; includeInIndex = 0; path = nippohub_ios.app; sourceTree = BUILT_PRODUCTS_DIR; };
		546EE38920D7189B00B6D46C /* AppDelegate.swift */ = {isa = PBXFileReference; lastKnownFileType = sourcecode.swift; path = AppDelegate.swift; sourceTree = "<group>"; };
		546EE38B20D7189B00B6D46C /* SignUpViewController.swift */ = {isa = PBXFileReference; lastKnownFileType = sourcecode.swift; path = SignUpViewController.swift; sourceTree = "<group>"; };
		546EE38E20D7189B00B6D46C /* Base */ = {isa = PBXFileReference; lastKnownFileType = file.storyboard; name = Base; path = Base.lproj/Main.storyboard; sourceTree = "<group>"; };
		546EE39320D7189D00B6D46C /* Assets.xcassets */ = {isa = PBXFileReference; lastKnownFileType = folder.assetcatalog; path = Assets.xcassets; sourceTree = "<group>"; };
		546EE39620D7189D00B6D46C /* Base */ = {isa = PBXFileReference; lastKnownFileType = file.storyboard; name = Base; path = Base.lproj/LaunchScreen.storyboard; sourceTree = "<group>"; };
		546EE39820D7189D00B6D46C /* Info.plist */ = {isa = PBXFileReference; lastKnownFileType = text.plist.xml; path = Info.plist; sourceTree = "<group>"; };
		546EE39D20D7189D00B6D46C /* nippohub_iosTests.xctest */ = {isa = PBXFileReference; explicitFileType = wrapper.cfbundle; includeInIndex = 0; path = nippohub_iosTests.xctest; sourceTree = BUILT_PRODUCTS_DIR; };
		546EE3A120D7189D00B6D46C /* nippohub_iosTests.swift */ = {isa = PBXFileReference; lastKnownFileType = sourcecode.swift; path = nippohub_iosTests.swift; sourceTree = "<group>"; };
		546EE3A320D7189D00B6D46C /* Info.plist */ = {isa = PBXFileReference; lastKnownFileType = text.plist.xml; path = Info.plist; sourceTree = "<group>"; };
		546EE3A820D7189D00B6D46C /* nippohub_iosUITests.xctest */ = {isa = PBXFileReference; explicitFileType = wrapper.cfbundle; includeInIndex = 0; path = nippohub_iosUITests.xctest; sourceTree = BUILT_PRODUCTS_DIR; };
		546EE3AC20D7189D00B6D46C /* nippohub_iosUITests.swift */ = {isa = PBXFileReference; lastKnownFileType = sourcecode.swift; path = nippohub_iosUITests.swift; sourceTree = "<group>"; };
		546EE3AE20D7189D00B6D46C /* Info.plist */ = {isa = PBXFileReference; lastKnownFileType = text.plist.xml; path = Info.plist; sourceTree = "<group>"; };
		54700C9320FC11D60048C029 /* DailyReport.swift */ = {isa = PBXFileReference; lastKnownFileType = sourcecode.swift; path = DailyReport.swift; sourceTree = "<group>"; };
		54700C9520FC12990048C029 /* User.swift */ = {isa = PBXFileReference; lastKnownFileType = sourcecode.swift; path = User.swift; sourceTree = "<group>"; };
		54700C9720FC13A50048C029 /* DailyReportIndexTableViewCell.xib */ = {isa = PBXFileReference; lastKnownFileType = file.xib; path = DailyReportIndexTableViewCell.xib; sourceTree = "<group>"; };
		54700C9920FC16970048C029 /* DailyReportIndexTableViewCell.swift */ = {isa = PBXFileReference; lastKnownFileType = sourcecode.swift; path = DailyReportIndexTableViewCell.swift; sourceTree = "<group>"; };
		54700C9C20FC18DA0048C029 /* DailyReportsViewController.swift */ = {isa = PBXFileReference; lastKnownFileType = sourcecode.swift; path = DailyReportsViewController.swift; sourceTree = "<group>"; };
		5481680121D0F8850035AAB3 /* GroupUserRelationIndexTableViewCell.swift */ = {isa = PBXFileReference; lastKnownFileType = sourcecode.swift; path = GroupUserRelationIndexTableViewCell.swift; sourceTree = "<group>"; };
		5481680321D0F8D30035AAB3 /* GroupUserRelationIndexViewCell.xib */ = {isa = PBXFileReference; lastKnownFileType = file.xib; path = GroupUserRelationIndexViewCell.xib; sourceTree = "<group>"; };
		5481680521D0FA210035AAB3 /* GroupUserRelationIndexViewController.swift */ = {isa = PBXFileReference; lastKnownFileType = sourcecode.swift; path = GroupUserRelationIndexViewController.swift; sourceTree = "<group>"; };
		5481680721D0FBE50035AAB3 /* FetchGroupUserRelationsService.swift */ = {isa = PBXFileReference; lastKnownFileType = sourcecode.swift; path = FetchGroupUserRelationsService.swift; sourceTree = "<group>"; };
		5481680921D0FC270035AAB3 /* GroupUserRelationsJson.swift */ = {isa = PBXFileReference; lastKnownFileType = sourcecode.swift; path = GroupUserRelationsJson.swift; sourceTree = "<group>"; };
		5482C96821B49725004DAC41 /* Account.swift */ = {isa = PBXFileReference; lastKnownFileType = sourcecode.swift; path = Account.swift; sourceTree = "<group>"; };
		548F4399213C9CDF009B8783 /* PostDailyReportService.swift */ = {isa = PBXFileReference; lastKnownFileType = sourcecode.swift; path = PostDailyReportService.swift; sourceTree = "<group>"; };
		548F439B213C9D97009B8783 /* PostDailyReportJson.swift */ = {isa = PBXFileReference; lastKnownFileType = sourcecode.swift; path = PostDailyReportJson.swift; sourceTree = "<group>"; };
		548F439D213C9F81009B8783 /* PostDailyReportViewController.swift */ = {isa = PBXFileReference; lastKnownFileType = sourcecode.swift; path = PostDailyReportViewController.swift; sourceTree = "<group>"; };
		54B13AF620E04B2C00083E6C /* Group.swift */ = {isa = PBXFileReference; lastKnownFileType = sourcecode.swift; path = Group.swift; sourceTree = "<group>"; };
		54B13AF820E053FC00083E6C /* GroupsViewController.swift */ = {isa = PBXFileReference; lastKnownFileType = sourcecode.swift; path = GroupsViewController.swift; sourceTree = "<group>"; };
		54B3B2F92117AB6500BA93AA /* FetchDailyReportsService.swift */ = {isa = PBXFileReference; lastKnownFileType = sourcecode.swift; path = FetchDailyReportsService.swift; sourceTree = "<group>"; };
		54B3B2FC2117ADE700BA93AA /* DailyReportJson.swift */ = {isa = PBXFileReference; lastKnownFileType = sourcecode.swift; path = DailyReportJson.swift; sourceTree = "<group>"; };
		54B3B2FE2117AE6B00BA93AA /* DailyReportsJson.swift */ = {isa = PBXFileReference; lastKnownFileType = sourcecode.swift; path = DailyReportsJson.swift; sourceTree = "<group>"; };
		54BCCD5F210E6EFA00CAD335 /* FetchGroupsService.swift */ = {isa = PBXFileReference; lastKnownFileType = sourcecode.swift; path = FetchGroupsService.swift; sourceTree = "<group>"; };
		54BCCD62210E73F400CAD335 /* UserJson.swift */ = {isa = PBXFileReference; lastKnownFileType = sourcecode.swift; path = UserJson.swift; sourceTree = "<group>"; };
		54BCCD64210E73FE00CAD335 /* GroupJson.swift */ = {isa = PBXFileReference; lastKnownFileType = sourcecode.swift; path = GroupJson.swift; sourceTree = "<group>"; };
		54BCCD66210E74B800CAD335 /* GroupsJson.swift */ = {isa = PBXFileReference; lastKnownFileType = sourcecode.swift; path = GroupsJson.swift; sourceTree = "<group>"; };
		54D88A9A213365C500F7E104 /* PostGroupService.swift */ = {isa = PBXFileReference; lastKnownFileType = sourcecode.swift; path = PostGroupService.swift; sourceTree = "<group>"; };
		54D88A9C2133667E00F7E104 /* PostGroupJson.swift */ = {isa = PBXFileReference; lastKnownFileType = sourcecode.swift; path = PostGroupJson.swift; sourceTree = "<group>"; };
		54D88A9E21336A5800F7E104 /* PostGroupViewController.swift */ = {isa = PBXFileReference; lastKnownFileType = sourcecode.swift; path = PostGroupViewController.swift; sourceTree = "<group>"; };
		54E3A1BF2120E34300148AFD /* FetchGroupService.swift */ = {isa = PBXFileReference; lastKnownFileType = sourcecode.swift; path = FetchGroupService.swift; sourceTree = "<group>"; };
		54E3A1C12120E5C800148AFD /* FetchDailyReportService.swift */ = {isa = PBXFileReference; lastKnownFileType = sourcecode.swift; path = FetchDailyReportService.swift; sourceTree = "<group>"; };
		54EA3E9D21866D9A00C574A6 /* AuthenticationToken.swift */ = {isa = PBXFileReference; lastKnownFileType = sourcecode.swift; path = AuthenticationToken.swift; sourceTree = "<group>"; };
		54F61EDF214F032400FD92C2 /* APIClient.swift */ = {isa = PBXFileReference; lastKnownFileType = sourcecode.swift; path = APIClient.swift; sourceTree = "<group>"; };
		6CAAD307751638335E839129 /* Pods_nippohub_iosTests.framework */ = {isa = PBXFileReference; explicitFileType = wrapper.framework; includeInIndex = 0; path = Pods_nippohub_iosTests.framework; sourceTree = BUILT_PRODUCTS_DIR; };
		7310F299D2FBDDF2E7445A40 /* Pods-nippohub_iosTests.release.xcconfig */ = {isa = PBXFileReference; includeInIndex = 1; lastKnownFileType = text.xcconfig; name = "Pods-nippohub_iosTests.release.xcconfig"; path = "Pods/Target Support Files/Pods-nippohub_iosTests/Pods-nippohub_iosTests.release.xcconfig"; sourceTree = "<group>"; };
		74044B35876B88966367E87F /* Pods_nippohub_ios.framework */ = {isa = PBXFileReference; explicitFileType = wrapper.framework; includeInIndex = 0; path = Pods_nippohub_ios.framework; sourceTree = BUILT_PRODUCTS_DIR; };
		835C14CC25DE9645E3505FED /* Pods_nippohub_iosUITests.framework */ = {isa = PBXFileReference; explicitFileType = wrapper.framework; includeInIndex = 0; path = Pods_nippohub_iosUITests.framework; sourceTree = BUILT_PRODUCTS_DIR; };
		C068BED68E4AD509A05A7461 /* Pods-nippohub_iosUITests.release.xcconfig */ = {isa = PBXFileReference; includeInIndex = 1; lastKnownFileType = text.xcconfig; name = "Pods-nippohub_iosUITests.release.xcconfig"; path = "Pods/Target Support Files/Pods-nippohub_iosUITests/Pods-nippohub_iosUITests.release.xcconfig"; sourceTree = "<group>"; };
		D4E224A4E6E5958CDDFA3CE8 /* Pods-nippohub_ios.release.xcconfig */ = {isa = PBXFileReference; includeInIndex = 1; lastKnownFileType = text.xcconfig; name = "Pods-nippohub_ios.release.xcconfig"; path = "Pods/Target Support Files/Pods-nippohub_ios/Pods-nippohub_ios.release.xcconfig"; sourceTree = "<group>"; };
		E5A3744BF4C32075513B0300 /* Pods-nippohub_iosUITests.debug.xcconfig */ = {isa = PBXFileReference; includeInIndex = 1; lastKnownFileType = text.xcconfig; name = "Pods-nippohub_iosUITests.debug.xcconfig"; path = "Pods/Target Support Files/Pods-nippohub_iosUITests/Pods-nippohub_iosUITests.debug.xcconfig"; sourceTree = "<group>"; };
		ED73EFD1DBF7FF2029093001 /* Pods-nippohub_iosTests.debug.xcconfig */ = {isa = PBXFileReference; includeInIndex = 1; lastKnownFileType = text.xcconfig; name = "Pods-nippohub_iosTests.debug.xcconfig"; path = "Pods/Target Support Files/Pods-nippohub_iosTests/Pods-nippohub_iosTests.debug.xcconfig"; sourceTree = "<group>"; };
/* End PBXFileReference section */

/* Begin PBXFrameworksBuildPhase section */
		546EE38320D7189B00B6D46C /* Frameworks */ = {
			isa = PBXFrameworksBuildPhase;
			buildActionMask = 2147483647;
			files = (
				83ACC41E06C182008AB6E771 /* Pods_nippohub_ios.framework in Frameworks */,
			);
			runOnlyForDeploymentPostprocessing = 0;
		};
		546EE39A20D7189D00B6D46C /* Frameworks */ = {
			isa = PBXFrameworksBuildPhase;
			buildActionMask = 2147483647;
			files = (
				C974360B3EB040558DE2B21B /* Pods_nippohub_iosTests.framework in Frameworks */,
			);
			runOnlyForDeploymentPostprocessing = 0;
		};
		546EE3A520D7189D00B6D46C /* Frameworks */ = {
			isa = PBXFrameworksBuildPhase;
			buildActionMask = 2147483647;
			files = (
				F3D428C8F2D03A020ABF580D /* Pods_nippohub_iosUITests.framework in Frameworks */,
			);
			runOnlyForDeploymentPostprocessing = 0;
		};
/* End PBXFrameworksBuildPhase section */

/* Begin PBXGroup section */
		46AC596A20E07E2900F3C62D /* Views */ = {
			isa = PBXGroup;
			children = (
				46AC596B20E07E5600F3C62D /* GroupIndexTableViewCell.swift */,
				46AC596C20E07E5600F3C62D /* GroupIndexTableViewCell.xib */,
				54700C9720FC13A50048C029 /* DailyReportIndexTableViewCell.xib */,
				54700C9920FC16970048C029 /* DailyReportIndexTableViewCell.swift */,
				5481680121D0F8850035AAB3 /* GroupUserRelationIndexTableViewCell.swift */,
				5481680321D0F8D30035AAB3 /* GroupUserRelationIndexViewCell.xib */,
			);
			path = Views;
			sourceTree = "<group>";
		};
		46AC596F20E0809D00F3C62D /* Scenes */ = {
			isa = PBXGroup;
			children = (
				546EE38B20D7189B00B6D46C /* SignUpViewController.swift */,
				54B13AF820E053FC00083E6C /* GroupsViewController.swift */,
				54700C9C20FC18DA0048C029 /* DailyReportsViewController.swift */,
				54D88A9E21336A5800F7E104 /* PostGroupViewController.swift */,
				548F439D213C9F81009B8783 /* PostDailyReportViewController.swift */,
				5434CE6E218FA810000BF896 /* DailyReportViewController.swift */,
				5434CE70218FAD91000BF896 /* PostGroupUserRelationController.swift */,
				541F82012198E50500B0024A /* AccountViewController.swift */,
				543C295D21B0A24600837C0E /* SignInViewController.swift */,
				5481680521D0FA210035AAB3 /* GroupUserRelationIndexViewController.swift */,
			);
			path = Scenes;
			sourceTree = "<group>";
		};
		546EE37D20D7189B00B6D46C = {
			isa = PBXGroup;
			children = (
				546EE38820D7189B00B6D46C /* nippohub_ios */,
				546EE3A020D7189D00B6D46C /* nippohub_iosTests */,
				546EE3AB20D7189D00B6D46C /* nippohub_iosUITests */,
				546EE38720D7189B00B6D46C /* Products */,
				93BD71F064B2D3F86442EB57 /* Pods */,
				E1ADEDE55FF1259EFA6B22C4 /* Frameworks */,
			);
			sourceTree = "<group>";
		};
		546EE38720D7189B00B6D46C /* Products */ = {
			isa = PBXGroup;
			children = (
				546EE38620D7189B00B6D46C /* nippohub_ios.app */,
				546EE39D20D7189D00B6D46C /* nippohub_iosTests.xctest */,
				546EE3A820D7189D00B6D46C /* nippohub_iosUITests.xctest */,
			);
			name = Products;
			sourceTree = "<group>";
		};
		546EE38820D7189B00B6D46C /* nippohub_ios */ = {
			isa = PBXGroup;
			children = (
				54F61EDE214F02EE00FD92C2 /* Modules */,
				54BCCD61210E73DB00CAD335 /* Jsons */,
				54BCCD5E210E6E8B00CAD335 /* Services */,
				46AC596F20E0809D00F3C62D /* Scenes */,
				46AC596A20E07E2900F3C62D /* Views */,
				54B13AF520E04B1000083E6C /* Models */,
				546EE38920D7189B00B6D46C /* AppDelegate.swift */,
				546EE38D20D7189B00B6D46C /* Main.storyboard */,
				546EE39320D7189D00B6D46C /* Assets.xcassets */,
				546EE39520D7189D00B6D46C /* LaunchScreen.storyboard */,
				546EE39820D7189D00B6D46C /* Info.plist */,
			);
			path = nippohub_ios;
			sourceTree = "<group>";
		};
		546EE3A020D7189D00B6D46C /* nippohub_iosTests */ = {
			isa = PBXGroup;
			children = (
				546EE3A120D7189D00B6D46C /* nippohub_iosTests.swift */,
				546EE3A320D7189D00B6D46C /* Info.plist */,
			);
			path = nippohub_iosTests;
			sourceTree = "<group>";
		};
		546EE3AB20D7189D00B6D46C /* nippohub_iosUITests */ = {
			isa = PBXGroup;
			children = (
				546EE3AC20D7189D00B6D46C /* nippohub_iosUITests.swift */,
				546EE3AE20D7189D00B6D46C /* Info.plist */,
			);
			path = nippohub_iosUITests;
			sourceTree = "<group>";
		};
		54B13AF520E04B1000083E6C /* Models */ = {
			isa = PBXGroup;
			children = (
				54B13AF620E04B2C00083E6C /* Group.swift */,
				54700C9320FC11D60048C029 /* DailyReport.swift */,
				54700C9520FC12990048C029 /* User.swift */,
				5482C96821B49725004DAC41 /* Account.swift */,
			);
			path = Models;
			sourceTree = "<group>";
		};
		54BCCD5E210E6E8B00CAD335 /* Services */ = {
			isa = PBXGroup;
			children = (
				54BCCD5F210E6EFA00CAD335 /* FetchGroupsService.swift */,
				54B3B2F92117AB6500BA93AA /* FetchDailyReportsService.swift */,
				54E3A1BF2120E34300148AFD /* FetchGroupService.swift */,
				54E3A1C12120E5C800148AFD /* FetchDailyReportService.swift */,
				54D88A9A213365C500F7E104 /* PostGroupService.swift */,
				548F4399213C9CDF009B8783 /* PostDailyReportService.swift */,
				543C88562145E28B0097D693 /* SignUpService.swift */,
				540CDD3B2194F363007D9A1F /* PostGroupUserRelationService.swift */,
				541F82032198E5C300B0024A /* FetchCurrentUserService.swift */,
				543C295F21B0A31200837C0E /* SignInService.swift */,
				5481680721D0FBE50035AAB3 /* FetchGroupUserRelationsService.swift */,
			);
			path = Services;
			sourceTree = "<group>";
		};
		54BCCD61210E73DB00CAD335 /* Jsons */ = {
			isa = PBXGroup;
			children = (
				54BCCD62210E73F400CAD335 /* UserJson.swift */,
				54BCCD64210E73FE00CAD335 /* GroupJson.swift */,
				54BCCD66210E74B800CAD335 /* GroupsJson.swift */,
				54B3B2FC2117ADE700BA93AA /* DailyReportJson.swift */,
				54B3B2FE2117AE6B00BA93AA /* DailyReportsJson.swift */,
				54D88A9C2133667E00F7E104 /* PostGroupJson.swift */,
				548F439B213C9D97009B8783 /* PostDailyReportJson.swift */,
				543C88582145E2CB0097D693 /* SignUpJson.swift */,
				54011FB1217D352600466107 /* UserAuthorizationJson.swift */,
				540CDD3D2194F3E3007D9A1F /* PostGroupUserRelationJson.swift */,
				541F82052198E64A00B0024A /* AccountJson.swift */,
				543C296121B0A41200837C0E /* SignInJson.swift */,
				5481680921D0FC270035AAB3 /* GroupUserRelationsJson.swift */,
			);
			path = Jsons;
			sourceTree = "<group>";
		};
		54F61EDE214F02EE00FD92C2 /* Modules */ = {
			isa = PBXGroup;
			children = (
				54F61EDF214F032400FD92C2 /* APIClient.swift */,
				54EA3E9D21866D9A00C574A6 /* AuthenticationToken.swift */,
			);
			path = Modules;
			sourceTree = "<group>";
		};
		93BD71F064B2D3F86442EB57 /* Pods */ = {
			isa = PBXGroup;
			children = (
				2909A811CC448BCC3ECFF76A /* Pods-nippohub_ios.debug.xcconfig */,
				D4E224A4E6E5958CDDFA3CE8 /* Pods-nippohub_ios.release.xcconfig */,
				ED73EFD1DBF7FF2029093001 /* Pods-nippohub_iosTests.debug.xcconfig */,
				7310F299D2FBDDF2E7445A40 /* Pods-nippohub_iosTests.release.xcconfig */,
				E5A3744BF4C32075513B0300 /* Pods-nippohub_iosUITests.debug.xcconfig */,
				C068BED68E4AD509A05A7461 /* Pods-nippohub_iosUITests.release.xcconfig */,
			);
			name = Pods;
			sourceTree = "<group>";
		};
		E1ADEDE55FF1259EFA6B22C4 /* Frameworks */ = {
			isa = PBXGroup;
			children = (
				74044B35876B88966367E87F /* Pods_nippohub_ios.framework */,
				6CAAD307751638335E839129 /* Pods_nippohub_iosTests.framework */,
				835C14CC25DE9645E3505FED /* Pods_nippohub_iosUITests.framework */,
			);
			name = Frameworks;
			sourceTree = "<group>";
		};
/* End PBXGroup section */

/* Begin PBXNativeTarget section */
		546EE38520D7189B00B6D46C /* nippohub_ios */ = {
			isa = PBXNativeTarget;
			buildConfigurationList = 546EE3B120D7189D00B6D46C /* Build configuration list for PBXNativeTarget "nippohub_ios" */;
			buildPhases = (
				1885B4B287AF35CD5D2E8E8B /* [CP] Check Pods Manifest.lock */,
				546EE38220D7189B00B6D46C /* Sources */,
				546EE38320D7189B00B6D46C /* Frameworks */,
				546EE38420D7189B00B6D46C /* Resources */,
				0D65E08C44A2AEEEA26BBAD2 /* [CP] Embed Pods Frameworks */,
			);
			buildRules = (
			);
			dependencies = (
			);
			name = nippohub_ios;
			productName = nippohub_ios;
			productReference = 546EE38620D7189B00B6D46C /* nippohub_ios.app */;
			productType = "com.apple.product-type.application";
		};
		546EE39C20D7189D00B6D46C /* nippohub_iosTests */ = {
			isa = PBXNativeTarget;
			buildConfigurationList = 546EE3B420D7189D00B6D46C /* Build configuration list for PBXNativeTarget "nippohub_iosTests" */;
			buildPhases = (
				3A9EC35E1D7EED3595F92F3B /* [CP] Check Pods Manifest.lock */,
				546EE39920D7189D00B6D46C /* Sources */,
				546EE39A20D7189D00B6D46C /* Frameworks */,
				546EE39B20D7189D00B6D46C /* Resources */,
			);
			buildRules = (
			);
			dependencies = (
				546EE39F20D7189D00B6D46C /* PBXTargetDependency */,
			);
			name = nippohub_iosTests;
			productName = nippohub_iosTests;
			productReference = 546EE39D20D7189D00B6D46C /* nippohub_iosTests.xctest */;
			productType = "com.apple.product-type.bundle.unit-test";
		};
		546EE3A720D7189D00B6D46C /* nippohub_iosUITests */ = {
			isa = PBXNativeTarget;
			buildConfigurationList = 546EE3B720D7189D00B6D46C /* Build configuration list for PBXNativeTarget "nippohub_iosUITests" */;
			buildPhases = (
				40BDDFE8B66E26B13358B8F3 /* [CP] Check Pods Manifest.lock */,
				546EE3A420D7189D00B6D46C /* Sources */,
				546EE3A520D7189D00B6D46C /* Frameworks */,
				546EE3A620D7189D00B6D46C /* Resources */,
			);
			buildRules = (
			);
			dependencies = (
				546EE3AA20D7189D00B6D46C /* PBXTargetDependency */,
			);
			name = nippohub_iosUITests;
			productName = nippohub_iosUITests;
			productReference = 546EE3A820D7189D00B6D46C /* nippohub_iosUITests.xctest */;
			productType = "com.apple.product-type.bundle.ui-testing";
		};
/* End PBXNativeTarget section */

/* Begin PBXProject section */
		546EE37E20D7189B00B6D46C /* Project object */ = {
			isa = PBXProject;
			attributes = {
				LastSwiftUpdateCheck = 0940;
				LastUpgradeCheck = 0940;
				ORGANIZATIONNAME = "うーぴょん";
				TargetAttributes = {
					546EE38520D7189B00B6D46C = {
						CreatedOnToolsVersion = 9.4.1;
					};
					546EE39C20D7189D00B6D46C = {
						CreatedOnToolsVersion = 9.4.1;
						TestTargetID = 546EE38520D7189B00B6D46C;
					};
					546EE3A720D7189D00B6D46C = {
						CreatedOnToolsVersion = 9.4.1;
						TestTargetID = 546EE38520D7189B00B6D46C;
					};
				};
			};
			buildConfigurationList = 546EE38120D7189B00B6D46C /* Build configuration list for PBXProject "nippohub_ios" */;
			compatibilityVersion = "Xcode 9.3";
			developmentRegion = en;
			hasScannedForEncodings = 0;
			knownRegions = (
				en,
				Base,
			);
			mainGroup = 546EE37D20D7189B00B6D46C;
			productRefGroup = 546EE38720D7189B00B6D46C /* Products */;
			projectDirPath = "";
			projectRoot = "";
			targets = (
				546EE38520D7189B00B6D46C /* nippohub_ios */,
				546EE39C20D7189D00B6D46C /* nippohub_iosTests */,
				546EE3A720D7189D00B6D46C /* nippohub_iosUITests */,
			);
		};
/* End PBXProject section */

/* Begin PBXResourcesBuildPhase section */
		546EE38420D7189B00B6D46C /* Resources */ = {
			isa = PBXResourcesBuildPhase;
			buildActionMask = 2147483647;
			files = (
				5481680421D0F8D30035AAB3 /* GroupUserRelationIndexViewCell.xib in Resources */,
				54700C9820FC13A50048C029 /* DailyReportIndexTableViewCell.xib in Resources */,
				46AC596E20E07E5600F3C62D /* GroupIndexTableViewCell.xib in Resources */,
				546EE39720D7189D00B6D46C /* LaunchScreen.storyboard in Resources */,
				546EE39420D7189D00B6D46C /* Assets.xcassets in Resources */,
				546EE38F20D7189B00B6D46C /* Main.storyboard in Resources */,
			);
			runOnlyForDeploymentPostprocessing = 0;
		};
		546EE39B20D7189D00B6D46C /* Resources */ = {
			isa = PBXResourcesBuildPhase;
			buildActionMask = 2147483647;
			files = (
			);
			runOnlyForDeploymentPostprocessing = 0;
		};
		546EE3A620D7189D00B6D46C /* Resources */ = {
			isa = PBXResourcesBuildPhase;
			buildActionMask = 2147483647;
			files = (
			);
			runOnlyForDeploymentPostprocessing = 0;
		};
/* End PBXResourcesBuildPhase section */

/* Begin PBXShellScriptBuildPhase section */
		0D65E08C44A2AEEEA26BBAD2 /* [CP] Embed Pods Frameworks */ = {
			isa = PBXShellScriptBuildPhase;
			buildActionMask = 2147483647;
			files = (
			);
			inputPaths = (
				"${SRCROOT}/Pods/Target Support Files/Pods-nippohub_ios/Pods-nippohub_ios-frameworks.sh",
				"${BUILT_PRODUCTS_DIR}/RxCocoa/RxCocoa.framework",
				"${BUILT_PRODUCTS_DIR}/RxSwift/RxSwift.framework",
			);
			name = "[CP] Embed Pods Frameworks";
			outputPaths = (
				"${TARGET_BUILD_DIR}/${FRAMEWORKS_FOLDER_PATH}/RxCocoa.framework",
				"${TARGET_BUILD_DIR}/${FRAMEWORKS_FOLDER_PATH}/RxSwift.framework",
			);
			runOnlyForDeploymentPostprocessing = 0;
			shellPath = /bin/sh;
			shellScript = "\"${SRCROOT}/Pods/Target Support Files/Pods-nippohub_ios/Pods-nippohub_ios-frameworks.sh\"\n";
			showEnvVarsInLog = 0;
		};
		1885B4B287AF35CD5D2E8E8B /* [CP] Check Pods Manifest.lock */ = {
			isa = PBXShellScriptBuildPhase;
			buildActionMask = 2147483647;
			files = (
			);
			inputPaths = (
				"${PODS_PODFILE_DIR_PATH}/Podfile.lock",
				"${PODS_ROOT}/Manifest.lock",
			);
			name = "[CP] Check Pods Manifest.lock";
			outputPaths = (
				"$(DERIVED_FILE_DIR)/Pods-nippohub_ios-checkManifestLockResult.txt",
			);
			runOnlyForDeploymentPostprocessing = 0;
			shellPath = /bin/sh;
			shellScript = "diff \"${PODS_PODFILE_DIR_PATH}/Podfile.lock\" \"${PODS_ROOT}/Manifest.lock\" > /dev/null\nif [ $? != 0 ] ; then\n    # print error to STDERR\n    echo \"error: The sandbox is not in sync with the Podfile.lock. Run 'pod install' or update your CocoaPods installation.\" >&2\n    exit 1\nfi\n# This output is used by Xcode 'outputs' to avoid re-running this script phase.\necho \"SUCCESS\" > \"${SCRIPT_OUTPUT_FILE_0}\"\n";
			showEnvVarsInLog = 0;
		};
		3A9EC35E1D7EED3595F92F3B /* [CP] Check Pods Manifest.lock */ = {
			isa = PBXShellScriptBuildPhase;
			buildActionMask = 2147483647;
			files = (
			);
			inputPaths = (
				"${PODS_PODFILE_DIR_PATH}/Podfile.lock",
				"${PODS_ROOT}/Manifest.lock",
			);
			name = "[CP] Check Pods Manifest.lock";
			outputPaths = (
				"$(DERIVED_FILE_DIR)/Pods-nippohub_iosTests-checkManifestLockResult.txt",
			);
			runOnlyForDeploymentPostprocessing = 0;
			shellPath = /bin/sh;
			shellScript = "diff \"${PODS_PODFILE_DIR_PATH}/Podfile.lock\" \"${PODS_ROOT}/Manifest.lock\" > /dev/null\nif [ $? != 0 ] ; then\n    # print error to STDERR\n    echo \"error: The sandbox is not in sync with the Podfile.lock. Run 'pod install' or update your CocoaPods installation.\" >&2\n    exit 1\nfi\n# This output is used by Xcode 'outputs' to avoid re-running this script phase.\necho \"SUCCESS\" > \"${SCRIPT_OUTPUT_FILE_0}\"\n";
			showEnvVarsInLog = 0;
		};
		40BDDFE8B66E26B13358B8F3 /* [CP] Check Pods Manifest.lock */ = {
			isa = PBXShellScriptBuildPhase;
			buildActionMask = 2147483647;
			files = (
			);
			inputPaths = (
				"${PODS_PODFILE_DIR_PATH}/Podfile.lock",
				"${PODS_ROOT}/Manifest.lock",
			);
			name = "[CP] Check Pods Manifest.lock";
			outputPaths = (
				"$(DERIVED_FILE_DIR)/Pods-nippohub_iosUITests-checkManifestLockResult.txt",
			);
			runOnlyForDeploymentPostprocessing = 0;
			shellPath = /bin/sh;
			shellScript = "diff \"${PODS_PODFILE_DIR_PATH}/Podfile.lock\" \"${PODS_ROOT}/Manifest.lock\" > /dev/null\nif [ $? != 0 ] ; then\n    # print error to STDERR\n    echo \"error: The sandbox is not in sync with the Podfile.lock. Run 'pod install' or update your CocoaPods installation.\" >&2\n    exit 1\nfi\n# This output is used by Xcode 'outputs' to avoid re-running this script phase.\necho \"SUCCESS\" > \"${SCRIPT_OUTPUT_FILE_0}\"\n";
			showEnvVarsInLog = 0;
		};
/* End PBXShellScriptBuildPhase section */

/* Begin PBXSourcesBuildPhase section */
		546EE38220D7189B00B6D46C /* Sources */ = {
			isa = PBXSourcesBuildPhase;
			buildActionMask = 2147483647;
			files = (
				546EE38C20D7189B00B6D46C /* SignUpViewController.swift in Sources */,
				548F439C213C9D97009B8783 /* PostDailyReportJson.swift in Sources */,
				548F439E213C9F81009B8783 /* PostDailyReportViewController.swift in Sources */,
				54BCCD63210E73F400CAD335 /* UserJson.swift in Sources */,
				546EE38A20D7189B00B6D46C /* AppDelegate.swift in Sources */,
				5482C96921B49725004DAC41 /* Account.swift in Sources */,
				5481680821D0FBE50035AAB3 /* FetchGroupUserRelationsService.swift in Sources */,
				5481680221D0F8850035AAB3 /* GroupUserRelationIndexTableViewCell.swift in Sources */,
				54D88A9D2133667E00F7E104 /* PostGroupJson.swift in Sources */,
				46AC596D20E07E5600F3C62D /* GroupIndexTableViewCell.swift in Sources */,
				54700C9D20FC18DA0048C029 /* DailyReportsViewController.swift in Sources */,
				541F82022198E50500B0024A /* AccountViewController.swift in Sources */,
				5434CE6F218FA810000BF896 /* DailyReportViewController.swift in Sources */,
				54011FB2217D352600466107 /* UserAuthorizationJson.swift in Sources */,
				54BCCD67210E74B800CAD335 /* GroupsJson.swift in Sources */,
				540CDD3E2194F3E3007D9A1F /* PostGroupUserRelationJson.swift in Sources */,
				54B3B2FD2117ADE700BA93AA /* DailyReportJson.swift in Sources */,
				54EA3E9E21866D9A00C574A6 /* AuthenticationToken.swift in Sources */,
				54700C9A20FC16970048C029 /* DailyReportIndexTableViewCell.swift in Sources */,
				54B13AF720E04B2C00083E6C /* Group.swift in Sources */,
				543C88572145E28B0097D693 /* SignUpService.swift in Sources */,
				54D88A9F21336A5800F7E104 /* PostGroupViewController.swift in Sources */,
				541F82062198E64A00B0024A /* AccountJson.swift in Sources */,
				54D88A9B213365C500F7E104 /* PostGroupService.swift in Sources */,
				54BCCD60210E6EFA00CAD335 /* FetchGroupsService.swift in Sources */,
				54E3A1C02120E34300148AFD /* FetchGroupService.swift in Sources */,
				5481680A21D0FC270035AAB3 /* GroupUserRelationsJson.swift in Sources */,
				54B13AF920E053FC00083E6C /* GroupsViewController.swift in Sources */,
				54E3A1C22120E5C800148AFD /* FetchDailyReportService.swift in Sources */,
				540CDD3C2194F363007D9A1F /* PostGroupUserRelationService.swift in Sources */,
				541F82042198E5C300B0024A /* FetchCurrentUserService.swift in Sources */,
				543C296021B0A31200837C0E /* SignInService.swift in Sources */,
				5434CE71218FAD91000BF896 /* PostGroupUserRelationController.swift in Sources */,
				543C296221B0A41200837C0E /* SignInJson.swift in Sources */,
				5481680621D0FA210035AAB3 /* GroupUserRelationIndexViewController.swift in Sources */,
				54B3B2FA2117AB6500BA93AA /* FetchDailyReportsService.swift in Sources */,
				543C295E21B0A24600837C0E /* SignInViewController.swift in Sources */,
				543C88592145E2CB0097D693 /* SignUpJson.swift in Sources */,
				54BCCD65210E73FE00CAD335 /* GroupJson.swift in Sources */,
				54B3B2FF2117AE6B00BA93AA /* DailyReportsJson.swift in Sources */,
				54700C9420FC11D60048C029 /* DailyReport.swift in Sources */,
				54700C9620FC12990048C029 /* User.swift in Sources */,
				54F61EE0214F032400FD92C2 /* APIClient.swift in Sources */,
				548F439A213C9CDF009B8783 /* PostDailyReportService.swift in Sources */,
			);
			runOnlyForDeploymentPostprocessing = 0;
		};
		546EE39920D7189D00B6D46C /* Sources */ = {
			isa = PBXSourcesBuildPhase;
			buildActionMask = 2147483647;
			files = (
				546EE3A220D7189D00B6D46C /* nippohub_iosTests.swift in Sources */,
				541F82072198E78D00B0024A /* FetchCurrentUserService.swift in Sources */,
			);
			runOnlyForDeploymentPostprocessing = 0;
		};
		546EE3A420D7189D00B6D46C /* Sources */ = {
			isa = PBXSourcesBuildPhase;
			buildActionMask = 2147483647;
			files = (
				546EE3AD20D7189D00B6D46C /* nippohub_iosUITests.swift in Sources */,
			);
			runOnlyForDeploymentPostprocessing = 0;
		};
/* End PBXSourcesBuildPhase section */

/* Begin PBXTargetDependency section */
		546EE39F20D7189D00B6D46C /* PBXTargetDependency */ = {
			isa = PBXTargetDependency;
			target = 546EE38520D7189B00B6D46C /* nippohub_ios */;
			targetProxy = 546EE39E20D7189D00B6D46C /* PBXContainerItemProxy */;
		};
		546EE3AA20D7189D00B6D46C /* PBXTargetDependency */ = {
			isa = PBXTargetDependency;
			target = 546EE38520D7189B00B6D46C /* nippohub_ios */;
			targetProxy = 546EE3A920D7189D00B6D46C /* PBXContainerItemProxy */;
		};
/* End PBXTargetDependency section */

/* Begin PBXVariantGroup section */
		546EE38D20D7189B00B6D46C /* Main.storyboard */ = {
			isa = PBXVariantGroup;
			children = (
				546EE38E20D7189B00B6D46C /* Base */,
			);
			name = Main.storyboard;
			sourceTree = "<group>";
		};
		546EE39520D7189D00B6D46C /* LaunchScreen.storyboard */ = {
			isa = PBXVariantGroup;
			children = (
				546EE39620D7189D00B6D46C /* Base */,
			);
			name = LaunchScreen.storyboard;
			sourceTree = "<group>";
		};
/* End PBXVariantGroup section */

/* Begin XCBuildConfiguration section */
		546EE3AF20D7189D00B6D46C /* Debug */ = {
			isa = XCBuildConfiguration;
			buildSettings = {
				ALWAYS_SEARCH_USER_PATHS = NO;
				CLANG_ANALYZER_NONNULL = YES;
				CLANG_ANALYZER_NUMBER_OBJECT_CONVERSION = YES_AGGRESSIVE;
				CLANG_CXX_LANGUAGE_STANDARD = "gnu++14";
				CLANG_CXX_LIBRARY = "libc++";
				CLANG_ENABLE_MODULES = YES;
				CLANG_ENABLE_OBJC_ARC = YES;
				CLANG_ENABLE_OBJC_WEAK = YES;
				CLANG_WARN_BLOCK_CAPTURE_AUTORELEASING = YES;
				CLANG_WARN_BOOL_CONVERSION = YES;
				CLANG_WARN_COMMA = YES;
				CLANG_WARN_CONSTANT_CONVERSION = YES;
				CLANG_WARN_DEPRECATED_OBJC_IMPLEMENTATIONS = YES;
				CLANG_WARN_DIRECT_OBJC_ISA_USAGE = YES_ERROR;
				CLANG_WARN_DOCUMENTATION_COMMENTS = YES;
				CLANG_WARN_EMPTY_BODY = YES;
				CLANG_WARN_ENUM_CONVERSION = YES;
				CLANG_WARN_INFINITE_RECURSION = YES;
				CLANG_WARN_INT_CONVERSION = YES;
				CLANG_WARN_NON_LITERAL_NULL_CONVERSION = YES;
				CLANG_WARN_OBJC_IMPLICIT_RETAIN_SELF = YES;
				CLANG_WARN_OBJC_LITERAL_CONVERSION = YES;
				CLANG_WARN_OBJC_ROOT_CLASS = YES_ERROR;
				CLANG_WARN_RANGE_LOOP_ANALYSIS = YES;
				CLANG_WARN_STRICT_PROTOTYPES = YES;
				CLANG_WARN_SUSPICIOUS_MOVE = YES;
				CLANG_WARN_UNGUARDED_AVAILABILITY = YES_AGGRESSIVE;
				CLANG_WARN_UNREACHABLE_CODE = YES;
				CLANG_WARN__DUPLICATE_METHOD_MATCH = YES;
				CODE_SIGN_IDENTITY = "iPhone Developer";
				COPY_PHASE_STRIP = NO;
				DEBUG_INFORMATION_FORMAT = dwarf;
				ENABLE_STRICT_OBJC_MSGSEND = YES;
				ENABLE_TESTABILITY = YES;
				GCC_C_LANGUAGE_STANDARD = gnu11;
				GCC_DYNAMIC_NO_PIC = NO;
				GCC_NO_COMMON_BLOCKS = YES;
				GCC_OPTIMIZATION_LEVEL = 0;
				GCC_PREPROCESSOR_DEFINITIONS = (
					"DEBUG=1",
					"$(inherited)",
				);
				GCC_WARN_64_TO_32_BIT_CONVERSION = YES;
				GCC_WARN_ABOUT_RETURN_TYPE = YES_ERROR;
				GCC_WARN_UNDECLARED_SELECTOR = YES;
				GCC_WARN_UNINITIALIZED_AUTOS = YES_AGGRESSIVE;
				GCC_WARN_UNUSED_FUNCTION = YES;
				GCC_WARN_UNUSED_VARIABLE = YES;
				IPHONEOS_DEPLOYMENT_TARGET = 11.4;
				MTL_ENABLE_DEBUG_INFO = YES;
				ONLY_ACTIVE_ARCH = YES;
				SDKROOT = iphoneos;
				SWIFT_ACTIVE_COMPILATION_CONDITIONS = DEBUG;
				SWIFT_OPTIMIZATION_LEVEL = "-Onone";
			};
			name = Debug;
		};
		546EE3B020D7189D00B6D46C /* Release */ = {
			isa = XCBuildConfiguration;
			buildSettings = {
				ALWAYS_SEARCH_USER_PATHS = NO;
				CLANG_ANALYZER_NONNULL = YES;
				CLANG_ANALYZER_NUMBER_OBJECT_CONVERSION = YES_AGGRESSIVE;
				CLANG_CXX_LANGUAGE_STANDARD = "gnu++14";
				CLANG_CXX_LIBRARY = "libc++";
				CLANG_ENABLE_MODULES = YES;
				CLANG_ENABLE_OBJC_ARC = YES;
				CLANG_ENABLE_OBJC_WEAK = YES;
				CLANG_WARN_BLOCK_CAPTURE_AUTORELEASING = YES;
				CLANG_WARN_BOOL_CONVERSION = YES;
				CLANG_WARN_COMMA = YES;
				CLANG_WARN_CONSTANT_CONVERSION = YES;
				CLANG_WARN_DEPRECATED_OBJC_IMPLEMENTATIONS = YES;
				CLANG_WARN_DIRECT_OBJC_ISA_USAGE = YES_ERROR;
				CLANG_WARN_DOCUMENTATION_COMMENTS = YES;
				CLANG_WARN_EMPTY_BODY = YES;
				CLANG_WARN_ENUM_CONVERSION = YES;
				CLANG_WARN_INFINITE_RECURSION = YES;
				CLANG_WARN_INT_CONVERSION = YES;
				CLANG_WARN_NON_LITERAL_NULL_CONVERSION = YES;
				CLANG_WARN_OBJC_IMPLICIT_RETAIN_SELF = YES;
				CLANG_WARN_OBJC_LITERAL_CONVERSION = YES;
				CLANG_WARN_OBJC_ROOT_CLASS = YES_ERROR;
				CLANG_WARN_RANGE_LOOP_ANALYSIS = YES;
				CLANG_WARN_STRICT_PROTOTYPES = YES;
				CLANG_WARN_SUSPICIOUS_MOVE = YES;
				CLANG_WARN_UNGUARDED_AVAILABILITY = YES_AGGRESSIVE;
				CLANG_WARN_UNREACHABLE_CODE = YES;
				CLANG_WARN__DUPLICATE_METHOD_MATCH = YES;
				CODE_SIGN_IDENTITY = "iPhone Developer";
				COPY_PHASE_STRIP = NO;
				DEBUG_INFORMATION_FORMAT = "dwarf-with-dsym";
				ENABLE_NS_ASSERTIONS = NO;
				ENABLE_STRICT_OBJC_MSGSEND = YES;
				GCC_C_LANGUAGE_STANDARD = gnu11;
				GCC_NO_COMMON_BLOCKS = YES;
				GCC_WARN_64_TO_32_BIT_CONVERSION = YES;
				GCC_WARN_ABOUT_RETURN_TYPE = YES_ERROR;
				GCC_WARN_UNDECLARED_SELECTOR = YES;
				GCC_WARN_UNINITIALIZED_AUTOS = YES_AGGRESSIVE;
				GCC_WARN_UNUSED_FUNCTION = YES;
				GCC_WARN_UNUSED_VARIABLE = YES;
				IPHONEOS_DEPLOYMENT_TARGET = 11.4;
				MTL_ENABLE_DEBUG_INFO = NO;
				SDKROOT = iphoneos;
				SWIFT_COMPILATION_MODE = wholemodule;
				SWIFT_OPTIMIZATION_LEVEL = "-O";
				VALIDATE_PRODUCT = YES;
			};
			name = Release;
		};
		546EE3B220D7189D00B6D46C /* Debug */ = {
			isa = XCBuildConfiguration;
			baseConfigurationReference = 2909A811CC448BCC3ECFF76A /* Pods-nippohub_ios.debug.xcconfig */;
			buildSettings = {
				ASSETCATALOG_COMPILER_APPICON_NAME = AppIcon;
				CODE_SIGN_STYLE = Automatic;
				INFOPLIST_FILE = nippohub_ios/Info.plist;
				LD_RUNPATH_SEARCH_PATHS = (
					"$(inherited)",
					"@executable_path/Frameworks",
				);
				PRODUCT_BUNDLE_IDENTIFIER = "jp.sasurai-usagi3.nippohub-ios";
				PRODUCT_NAME = "$(TARGET_NAME)";
				SWIFT_VERSION = 4.0;
				TARGETED_DEVICE_FAMILY = "1,2";
			};
			name = Debug;
		};
		546EE3B320D7189D00B6D46C /* Release */ = {
			isa = XCBuildConfiguration;
			baseConfigurationReference = D4E224A4E6E5958CDDFA3CE8 /* Pods-nippohub_ios.release.xcconfig */;
			buildSettings = {
				ASSETCATALOG_COMPILER_APPICON_NAME = AppIcon;
				CODE_SIGN_STYLE = Automatic;
				INFOPLIST_FILE = nippohub_ios/Info.plist;
				LD_RUNPATH_SEARCH_PATHS = (
					"$(inherited)",
					"@executable_path/Frameworks",
				);
				PRODUCT_BUNDLE_IDENTIFIER = "jp.sasurai-usagi3.nippohub-ios";
				PRODUCT_NAME = "$(TARGET_NAME)";
				SWIFT_VERSION = 4.0;
				TARGETED_DEVICE_FAMILY = "1,2";
			};
			name = Release;
		};
		546EE3B520D7189D00B6D46C /* Debug */ = {
			isa = XCBuildConfiguration;
			baseConfigurationReference = ED73EFD1DBF7FF2029093001 /* Pods-nippohub_iosTests.debug.xcconfig */;
			buildSettings = {
				ALWAYS_EMBED_SWIFT_STANDARD_LIBRARIES = YES;
				BUNDLE_LOADER = "$(TEST_HOST)";
				CODE_SIGN_STYLE = Automatic;
				INFOPLIST_FILE = nippohub_iosTests/Info.plist;
				LD_RUNPATH_SEARCH_PATHS = (
					"$(inherited)",
					"@executable_path/Frameworks",
					"@loader_path/Frameworks",
				);
				PRODUCT_BUNDLE_IDENTIFIER = "jp.sasurai-usagi3.nippohub-iosTests";
				PRODUCT_NAME = "$(TARGET_NAME)";
				SWIFT_VERSION = 4.0;
				TARGETED_DEVICE_FAMILY = "1,2";
				TEST_HOST = "$(BUILT_PRODUCTS_DIR)/nippohub_ios.app/nippohub_ios";
			};
			name = Debug;
		};
		546EE3B620D7189D00B6D46C /* Release */ = {
			isa = XCBuildConfiguration;
			baseConfigurationReference = 7310F299D2FBDDF2E7445A40 /* Pods-nippohub_iosTests.release.xcconfig */;
			buildSettings = {
				ALWAYS_EMBED_SWIFT_STANDARD_LIBRARIES = YES;
				BUNDLE_LOADER = "$(TEST_HOST)";
				CODE_SIGN_STYLE = Automatic;
				INFOPLIST_FILE = nippohub_iosTests/Info.plist;
				LD_RUNPATH_SEARCH_PATHS = (
					"$(inherited)",
					"@executable_path/Frameworks",
					"@loader_path/Frameworks",
				);
				PRODUCT_BUNDLE_IDENTIFIER = "jp.sasurai-usagi3.nippohub-iosTests";
				PRODUCT_NAME = "$(TARGET_NAME)";
				SWIFT_VERSION = 4.0;
				TARGETED_DEVICE_FAMILY = "1,2";
				TEST_HOST = "$(BUILT_PRODUCTS_DIR)/nippohub_ios.app/nippohub_ios";
			};
			name = Release;
		};
		546EE3B820D7189D00B6D46C /* Debug */ = {
			isa = XCBuildConfiguration;
			baseConfigurationReference = E5A3744BF4C32075513B0300 /* Pods-nippohub_iosUITests.debug.xcconfig */;
			buildSettings = {
				ALWAYS_EMBED_SWIFT_STANDARD_LIBRARIES = YES;
				CODE_SIGN_STYLE = Automatic;
				INFOPLIST_FILE = nippohub_iosUITests/Info.plist;
				LD_RUNPATH_SEARCH_PATHS = (
					"$(inherited)",
					"@executable_path/Frameworks",
					"@loader_path/Frameworks",
				);
				PRODUCT_BUNDLE_IDENTIFIER = "jp.sasurai-usagi3.nippohub-iosUITests";
				PRODUCT_NAME = "$(TARGET_NAME)";
				SWIFT_VERSION = 4.0;
				TARGETED_DEVICE_FAMILY = "1,2";
				TEST_TARGET_NAME = nippohub_ios;
			};
			name = Debug;
		};
		546EE3B920D7189D00B6D46C /* Release */ = {
			isa = XCBuildConfiguration;
			baseConfigurationReference = C068BED68E4AD509A05A7461 /* Pods-nippohub_iosUITests.release.xcconfig */;
			buildSettings = {
				ALWAYS_EMBED_SWIFT_STANDARD_LIBRARIES = YES;
				CODE_SIGN_STYLE = Automatic;
				INFOPLIST_FILE = nippohub_iosUITests/Info.plist;
				LD_RUNPATH_SEARCH_PATHS = (
					"$(inherited)",
					"@executable_path/Frameworks",
					"@loader_path/Frameworks",
				);
				PRODUCT_BUNDLE_IDENTIFIER = "jp.sasurai-usagi3.nippohub-iosUITests";
				PRODUCT_NAME = "$(TARGET_NAME)";
				SWIFT_VERSION = 4.0;
				TARGETED_DEVICE_FAMILY = "1,2";
				TEST_TARGET_NAME = nippohub_ios;
			};
			name = Release;
		};
/* End XCBuildConfiguration section */

/* Begin XCConfigurationList section */
		546EE38120D7189B00B6D46C /* Build configuration list for PBXProject "nippohub_ios" */ = {
			isa = XCConfigurationList;
			buildConfigurations = (
				546EE3AF20D7189D00B6D46C /* Debug */,
				546EE3B020D7189D00B6D46C /* Release */,
			);
			defaultConfigurationIsVisible = 0;
			defaultConfigurationName = Release;
		};
		546EE3B120D7189D00B6D46C /* Build configuration list for PBXNativeTarget "nippohub_ios" */ = {
			isa = XCConfigurationList;
			buildConfigurations = (
				546EE3B220D7189D00B6D46C /* Debug */,
				546EE3B320D7189D00B6D46C /* Release */,
			);
			defaultConfigurationIsVisible = 0;
			defaultConfigurationName = Release;
		};
		546EE3B420D7189D00B6D46C /* Build configuration list for PBXNativeTarget "nippohub_iosTests" */ = {
			isa = XCConfigurationList;
			buildConfigurations = (
				546EE3B520D7189D00B6D46C /* Debug */,
				546EE3B620D7189D00B6D46C /* Release */,
			);
			defaultConfigurationIsVisible = 0;
			defaultConfigurationName = Release;
		};
		546EE3B720D7189D00B6D46C /* Build configuration list for PBXNativeTarget "nippohub_iosUITests" */ = {
			isa = XCConfigurationList;
			buildConfigurations = (
				546EE3B820D7189D00B6D46C /* Debug */,
				546EE3B920D7189D00B6D46C /* Release */,
			);
			defaultConfigurationIsVisible = 0;
			defaultConfigurationName = Release;
		};
/* End XCConfigurationList section */
	};
	rootObject = 546EE37E20D7189B00B6D46C /* Project object */;
}
